
Microsoft Visual Studio Solution File, Format Version 12.00
# Visual Studio Version 17
VisualStudioVersion = 17.5.33502.453
MinimumVisualStudioVersion = 10.0.40219.1
Project("{9A19103F-16F7-4668-BE54-9A1E7A4F7556}") = "ConsoleApp1", "ConsoleApp1.csproj", "{4CA4BD83-0A40-4C7C-995E-541F80021983}"
EndProject
Project("{2150E333-8FDC-42A3-9474-1A3956D46DE8}") = "Solution Items", "Solution Items", "{249CEED7-3808-4481-81B1-653293F32C30}"
	ProjectSection(SolutionItems) = preProject
		Test.cs = Test.cs
	EndProjectSection
EndProject
Global
	GlobalSection(SolutionConfigurationPlatforms) = preSolution
		Debug|Any CPU = Debug|Any CPU
		Release|Any CPU = Release|Any CPU
	EndGlobalSection
	GlobalSection(ProjectConfigurationPlatforms) = postSolution
		{4CA4BD83-0A40-4C7C-995E-541F80021983}.Debug|Any CPU.ActiveCfg = Debug|Any CPU
		{4CA4BD83-0A40-4C7C-995E-541F80021983}.Debug|Any CPU.Build.0 = Debug|Any CPU
		{4CA4BD83-0A40-4C7C-995E-541F80021983}.Release|Any CPU.ActiveCfg = Release|Any CPU
		{4CA4BD83-0A40-4C7C-995E-541F80021983}.Release|Any CPU.Build.0 = Release|Any CPU
	EndGlobalSection
	GlobalSection(SolutionProperties) = preSolution
		HideSolutionNode = FALSE
	EndGlobalSection
	GlobalSection(ExtensibilityGlobals) = postSolution
		SolutionGuid = {7464A2D7-BD2D-40EB-ADAD-D0ED1072D438}
	EndGlobalSection
EndGlobal
